schema: '2.0'
stages:
  generate_data:
    cmd: python generate_data.py data_/
    deps:
    - path: generate_data.py
      hash: md5
      md5: e78555fb06699a9c5985d66561310792
      size: 9820
    params:
      params.yaml:
        generate_data:
          batch_size: 3
        geometry:
          N:
          - 128
          - 128
          - 128
          shrink_factor: 2
          dims: 3
          dx:
          - 0.0001
          - 0.0001
          - 0.0001
          c: 1500
          cfl: 0.3
          pml_margin: 12
          tissue_margin:
          - 5
          - 5
          - 5
          sensor_margin:
          - 5
          - 5
          - 5
          num_sensors: 81
          sound_speed_periodicity: 2
          sound_speed_variation_amplitude: 10
    outs:
    - path: data_/LNet/
      hash: md5
      md5: fc7a347f7c21f4a0dd06f5721fbc9aef.dir
      size: 1536384
      nfiles: 3
    - path: data_/c/
      hash: md5
      md5: 58d1ebca32633fe0875010b714f940c2.dir
      size: 25166208
      nfiles: 3
    - path: data_/p0/
      hash: md5
      md5: c6d134155a6a9d0cfd869e22719bd5ee.dir
      size: 25166208
      nfiles: 3
    - path: data_/p_data/
      hash: md5
      md5: f69ba36d41e53516b87de33ca6519b90.dir
      size: 713832
      nfiles: 3
    - path: data_/sensors/
      hash: md5
      md5: dc643622f8a904cee4bb712a26e3eb00.dir
      size: 3300
      nfiles: 3
  simulate:
    cmd: python simulate.py data/LNet/ data/
    deps:
    - path: data/LNet/
      hash: md5
      md5: 19be49dfd79875228370f0bbc990f198.dir
      size: 90229440
      nfiles: 15
    - path: simulate.py
      hash: md5
      md5: 3a9d24682af8ba4751a1e16ab862cd65
      size: 3177
    params:
      params.yaml:
        geometry:
          N:
          - 256
          - 256
          - 128
          pml_margin: 10
          dx:
          - 0.0001
          - 0.0001
          - 0.0001
          c: 1500
          cfl: 0.3
        simulate:
          num_sensors: 64
          sensor_margin: 10
    outs:
    - path: data/p0/
      hash: md5
      md5: 021a4c90d778371a47f04e70a3a2c93f.dir
      size: 503318400
      nfiles: 15
    - path: data/p_data/
      hash: md5
      md5: 08988240ae32afae4d1b9b790653303c.dir
      size: 4897920
      nfiles: 15
    - path: data/sensors/
      hash: md5
      md5: 3a4ad1a5a7d126c8865a8f91543afdbc.dir
      size: 13440
      nfiles: 15
  reconstruct:
    cmd: python reconstruct.py data_/
    deps:
    - path: data_/p0/
      hash: md5
      md5: c6d134155a6a9d0cfd869e22719bd5ee.dir
      size: 25166208
      nfiles: 3
    - path: data_/p_data/
      hash: md5
      md5: f69ba36d41e53516b87de33ca6519b90.dir
      size: 713832
      nfiles: 3
    - path: data_/sensors/
      hash: md5
      md5: dc643622f8a904cee4bb712a26e3eb00.dir
      size: 3300
      nfiles: 3
    - path: reconstruct.py
      hash: md5
      md5: fe34d8164b8b6900387d4457b754cbbf
      size: 3650
    - path: time_reversal.py
      hash: md5
      md5: 2869518b99a9c0becbd5cd76ab56534f
      size: 6036
    params:
      params.yaml:
        geometry:
          N:
          - 128
          - 128
          - 128
          shrink_factor: 2
          dims: 3
          dx:
          - 0.0001
          - 0.0001
          - 0.0001
          c: 1500
          cfl: 0.3
          pml_margin: 12
          tissue_margin:
          - 5
          - 5
          - 5
          sensor_margin:
          - 5
          - 5
          - 5
          num_sensors: 81
          sound_speed_periodicity: 2
          sound_speed_variation_amplitude: 10
    outs:
    - path: data_/p_r/
      hash: md5
      md5: aefc6a0ea65fbfbe82d247cfb92c43ea.dir
      size: 100664832
      nfiles: 12
  visualize:
    cmd: python vis.py
    deps:
    - path: data_/p0/
      hash: md5
      md5: d69ce6fbe46917193afcb9bb90e88854.dir
      size: 16777472
      nfiles: 2
    - path: vis.py
      hash: md5
      md5: 2bdc03b0b3202081af152fb635dd0e4b
      size: 4202
