schema: '2.0'
stages:
  generate_data:
    cmd: python generate_data.py data_/
    deps:
    - path: generate_data.py
      hash: md5
      md5: 3fc553a1ae8b772a2ceb46d9735c1801
      size: 14535
    params:
      params.yaml:
        generate_data:
          batch_size: 2
        geometry:
          N:
          - 256
          - 256
          - 256
          shrink_factor: 1
          dims: 2
          dx:
          - 0.0001
          - 0.0001
          - 0.0001
          c: 1500
          cfl: 0.3
          pml_margin: 12
          tissue_margin:
          - 5
          - 5
          - 5
          sensor_margin:
          - 5
          - 5
          - 5
          num_sensors: 81
          sound_speed_periodicity: 2
          sound_speed_variation_amplitude: 10
    outs:
    - path: data_/LNet/
      hash: md5
      md5: e191985462d4b9ff91e7198ab527bbcf.dir
      size: 692480
      nfiles: 2
    - path: data_/c/
      hash: md5
      md5: 2421d989d050e77f828357d324c1817c.dir
      size: 1048832
      nfiles: 2
    - path: data_/p0/
      hash: md5
      md5: 5ae7d2962f295e8553a13cbbbcb20fec.dir
      size: 2621696
      nfiles: 2
    - path: data_/p_data/
      hash: md5
      md5: 12bfac744e95953abbdf9c4a337cef05.dir
      size: 3897976
      nfiles: 2
    - path: data_/sensors/
      hash: md5
      md5: 26428543ba02b6be4e869672d206195f.dir
      size: 2848
      nfiles: 2
  simulate:
    cmd: python simulate.py data/LNet/ data/
    deps:
    - path: data/LNet/
      hash: md5
      md5: 19be49dfd79875228370f0bbc990f198.dir
      size: 90229440
      nfiles: 15
    - path: simulate.py
      hash: md5
      md5: 3a9d24682af8ba4751a1e16ab862cd65
      size: 3177
    params:
      params.yaml:
        geometry:
          N:
          - 256
          - 256
          - 128
          pml_margin: 10
          dx:
          - 0.0001
          - 0.0001
          - 0.0001
          c: 1500
          cfl: 0.3
        simulate:
          num_sensors: 64
          sensor_margin: 10
    outs:
    - path: data/p0/
      hash: md5
      md5: 021a4c90d778371a47f04e70a3a2c93f.dir
      size: 503318400
      nfiles: 15
    - path: data/p_data/
      hash: md5
      md5: 08988240ae32afae4d1b9b790653303c.dir
      size: 4897920
      nfiles: 15
    - path: data/sensors/
      hash: md5
      md5: 3a4ad1a5a7d126c8865a8f91543afdbc.dir
      size: 13440
      nfiles: 15
  reconstruct:
    cmd: python reconstruct.py data_/
    deps:
    - path: data_/p0/
      hash: md5
      md5: 1c13c66041a21a0880407c7cfe8811f7.dir
      size: 1048832
      nfiles: 2
    - path: data_/p_data/
      hash: md5
      md5: 7bad306763230a28d15faf2e1fe708aa.dir
      size: 1559344
      nfiles: 2
    - path: data_/sensors/
      hash: md5
      md5: 26428543ba02b6be4e869672d206195f.dir
      size: 2848
      nfiles: 2
    - path: reconstruct.py
      hash: md5
      md5: 9bbbb1163226ab8a1b757909139b5e38
      size: 4350
    - path: time_reversal.py
      hash: md5
      md5: f25cddbcb8d34c4ff8f5de392c41dd03
      size: 6799
    params:
      params.yaml:
        geometry:
          N:
          - 256
          - 256
          - 256
          shrink_factor: 1
          dims: 2
          dx:
          - 0.0001
          - 0.0001
          - 0.0001
          c: 1500
          cfl: 0.3
          pml_margin: 12
          tissue_margin:
          - 5
          - 5
          - 5
          sensor_margin:
          - 5
          - 5
          - 5
          num_sensors: 81
          sound_speed_periodicity: 2
          sound_speed_variation_amplitude: 10
    outs:
    - path: data_/p_r/
      hash: md5
      md5: 57c04cc4853662c0588dbbe5ed32921e.dir
      size: 5245440
      nfiles: 20
  visualize:
    cmd: python vis.py
    deps:
    - path: data_/p0/
      hash: md5
      md5: d69ce6fbe46917193afcb9bb90e88854.dir
      size: 16777472
      nfiles: 2
    - path: vis.py
      hash: md5
      md5: 2bdc03b0b3202081af152fb635dd0e4b
      size: 4202
